
Microsoft Visual Studio Solution File, Format Version 12.00
# Visual Studio Version 16
VisualStudioVersion = 16.0.29905.134
MinimumVisualStudioVersion = 10.0.40219.1
Project("{FAE04EC0-301F-11D3-BF4B-00C04F79EFBC}") = "Entities", "Entities\Entities.csproj", "{3762B3D8-6D00-4A9A-BABF-32D1AA88A4E9}"
EndProject
Project("{FAE04EC0-301F-11D3-BF4B-00C04F79EFBC}") = "DataAccess", "DataAccess\DataAccess.csproj", "{4CA7C220-3D39-4FAB-A437-6F0F7A30F482}"
EndProject
Project("{FAE04EC0-301F-11D3-BF4B-00C04F79EFBC}") = "UI", "UI\UI.csproj", "{E0AAB022-1D5D-4364-8180-C846F4A1C8AA}"
EndProject
Global
	GlobalSection(SolutionConfigurationPlatforms) = preSolution
		Debug|Any CPU = Debug|Any CPU
		Release|Any CPU = Release|Any CPU
	EndGlobalSection
	GlobalSection(ProjectConfigurationPlatforms) = postSolution
		{3762B3D8-6D00-4A9A-BABF-32D1AA88A4E9}.Debug|Any CPU.ActiveCfg = Debug|Any CPU
		{3762B3D8-6D00-4A9A-BABF-32D1AA88A4E9}.Debug|Any CPU.Build.0 = Debug|Any CPU
		{3762B3D8-6D00-4A9A-BABF-32D1AA88A4E9}.Release|Any CPU.ActiveCfg = Release|Any CPU
		{3762B3D8-6D00-4A9A-BABF-32D1AA88A4E9}.Release|Any CPU.Build.0 = Release|Any CPU
		{4CA7C220-3D39-4FAB-A437-6F0F7A30F482}.Debug|Any CPU.ActiveCfg = Debug|Any CPU
		{4CA7C220-3D39-4FAB-A437-6F0F7A30F482}.Debug|Any CPU.Build.0 = Debug|Any CPU
		{4CA7C220-3D39-4FAB-A437-6F0F7A30F482}.Release|Any CPU.ActiveCfg = Release|Any CPU
		{4CA7C220-3D39-4FAB-A437-6F0F7A30F482}.Release|Any CPU.Build.0 = Release|Any CPU
		{E0AAB022-1D5D-4364-8180-C846F4A1C8AA}.Debug|Any CPU.ActiveCfg = Debug|Any CPU
		{E0AAB022-1D5D-4364-8180-C846F4A1C8AA}.Debug|Any CPU.Build.0 = Debug|Any CPU
		{E0AAB022-1D5D-4364-8180-C846F4A1C8AA}.Release|Any CPU.ActiveCfg = Release|Any CPU
		{E0AAB022-1D5D-4364-8180-C846F4A1C8AA}.Release|Any CPU.Build.0 = Release|Any CPU
	EndGlobalSection
	GlobalSection(SolutionProperties) = preSolution
		HideSolutionNode = FALSE
	EndGlobalSection
	GlobalSection(ExtensibilityGlobals) = postSolution
		SolutionGuid = {1D386BB7-3206-40AB-B1EF-CA5C80814D3A}
	EndGlobalSection
EndGlobal
